
Microsoft Visual Studio Solution File, Format Version 12.00
# Visual Studio Version 16
VisualStudioVersion = 16.0.31005.135
MinimumVisualStudioVersion = 10.0.40219.1
Project("{FAE04EC0-301F-11D3-BF4B-00C04F79EFBC}") = "MyGarden.Android", "MyGarden\MyGarden.Android\MyGarden.Android.csproj", "{A4D88365-5A3A-400A-A913-533C7ADDDBEC}"
EndProject
Project("{9A19103F-16F7-4668-BE54-9A1E7A4F7556}") = "MyGarden", "MyGarden\MyGarden\MyGarden.csproj", "{94A8B21D-A5F3-40EA-AE76-E2E256B508D5}"
EndProject
Project("{FAE04EC0-301F-11D3-BF4B-00C04F79EFBC}") = "Recetario", "Recetario\Recetario.csproj", "{C6380467-2C23-4585-9DF2-02F2FDC6D358}"
EndProject
Project("{FAE04EC0-301F-11D3-BF4B-00C04F79EFBC}") = "Agendar Citas", "Agendar Citas\Agendar Citas.csproj", "{2978DD2A-5ABF-4CE6-93B0-DE763538AE1F}"
EndProject
Project("{FAE04EC0-301F-11D3-BF4B-00C04F79EFBC}") = "Capitulos", "Capitulos\Capitulos.csproj", "{37901128-61F3-4BA5-8310-8F083E6B048B}"
EndProject
Project("{FAE04EC0-301F-11D3-BF4B-00C04F79EFBC}") = "Presion.Android", "Presion\Presion.Android\Presion.Android.csproj", "{828E505B-D985-4487-BFBC-94FB6CDBCCC8}"
EndProject
Project("{FAE04EC0-301F-11D3-BF4B-00C04F79EFBC}") = "Presion", "Presion\Presion\Presion.csproj", "{BDF7808D-6B75-4400-A477-0AD889F8C47E}"
EndProject
Global
	GlobalSection(SolutionConfigurationPlatforms) = preSolution
		Debug|Any CPU = Debug|Any CPU
		Release|Any CPU = Release|Any CPU
	EndGlobalSection
	GlobalSection(ProjectConfigurationPlatforms) = postSolution
		{A4D88365-5A3A-400A-A913-533C7ADDDBEC}.Debug|Any CPU.ActiveCfg = Debug|Any CPU
		{A4D88365-5A3A-400A-A913-533C7ADDDBEC}.Debug|Any CPU.Build.0 = Debug|Any CPU
		{A4D88365-5A3A-400A-A913-533C7ADDDBEC}.Debug|Any CPU.Deploy.0 = Debug|Any CPU
		{A4D88365-5A3A-400A-A913-533C7ADDDBEC}.Release|Any CPU.ActiveCfg = Release|Any CPU
		{A4D88365-5A3A-400A-A913-533C7ADDDBEC}.Release|Any CPU.Build.0 = Release|Any CPU
		{A4D88365-5A3A-400A-A913-533C7ADDDBEC}.Release|Any CPU.Deploy.0 = Release|Any CPU
		{94A8B21D-A5F3-40EA-AE76-E2E256B508D5}.Debug|Any CPU.ActiveCfg = Debug|Any CPU
		{94A8B21D-A5F3-40EA-AE76-E2E256B508D5}.Debug|Any CPU.Build.0 = Debug|Any CPU
		{94A8B21D-A5F3-40EA-AE76-E2E256B508D5}.Debug|Any CPU.Deploy.0 = Debug|Any CPU
		{94A8B21D-A5F3-40EA-AE76-E2E256B508D5}.Release|Any CPU.ActiveCfg = Release|Any CPU
		{94A8B21D-A5F3-40EA-AE76-E2E256B508D5}.Release|Any CPU.Build.0 = Release|Any CPU
		{94A8B21D-A5F3-40EA-AE76-E2E256B508D5}.Release|Any CPU.Deploy.0 = Release|Any CPU
		{C6380467-2C23-4585-9DF2-02F2FDC6D358}.Debug|Any CPU.ActiveCfg = Debug|Any CPU
		{C6380467-2C23-4585-9DF2-02F2FDC6D358}.Debug|Any CPU.Build.0 = Debug|Any CPU
		{C6380467-2C23-4585-9DF2-02F2FDC6D358}.Release|Any CPU.ActiveCfg = Release|Any CPU
		{C6380467-2C23-4585-9DF2-02F2FDC6D358}.Release|Any CPU.Build.0 = Release|Any CPU
		{2978DD2A-5ABF-4CE6-93B0-DE763538AE1F}.Debug|Any CPU.ActiveCfg = Debug|Any CPU
		{2978DD2A-5ABF-4CE6-93B0-DE763538AE1F}.Debug|Any CPU.Build.0 = Debug|Any CPU
		{2978DD2A-5ABF-4CE6-93B0-DE763538AE1F}.Release|Any CPU.ActiveCfg = Release|Any CPU
		{2978DD2A-5ABF-4CE6-93B0-DE763538AE1F}.Release|Any CPU.Build.0 = Release|Any CPU
		{37901128-61F3-4BA5-8310-8F083E6B048B}.Debug|Any CPU.ActiveCfg = Debug|Any CPU
		{37901128-61F3-4BA5-8310-8F083E6B048B}.Debug|Any CPU.Build.0 = Debug|Any CPU
		{37901128-61F3-4BA5-8310-8F083E6B048B}.Release|Any CPU.ActiveCfg = Release|Any CPU
		{37901128-61F3-4BA5-8310-8F083E6B048B}.Release|Any CPU.Build.0 = Release|Any CPU
		{828E505B-D985-4487-BFBC-94FB6CDBCCC8}.Debug|Any CPU.ActiveCfg = Debug|Any CPU
		{828E505B-D985-4487-BFBC-94FB6CDBCCC8}.Debug|Any CPU.Build.0 = Debug|Any CPU
		{828E505B-D985-4487-BFBC-94FB6CDBCCC8}.Debug|Any CPU.Deploy.0 = Debug|Any CPU
		{828E505B-D985-4487-BFBC-94FB6CDBCCC8}.Release|Any CPU.ActiveCfg = Release|Any CPU
		{828E505B-D985-4487-BFBC-94FB6CDBCCC8}.Release|Any CPU.Build.0 = Release|Any CPU
		{828E505B-D985-4487-BFBC-94FB6CDBCCC8}.Release|Any CPU.Deploy.0 = Release|Any CPU
		{BDF7808D-6B75-4400-A477-0AD889F8C47E}.Debug|Any CPU.ActiveCfg = Debug|Any CPU
		{BDF7808D-6B75-4400-A477-0AD889F8C47E}.Debug|Any CPU.Build.0 = Debug|Any CPU
		{BDF7808D-6B75-4400-A477-0AD889F8C47E}.Release|Any CPU.ActiveCfg = Release|Any CPU
		{BDF7808D-6B75-4400-A477-0AD889F8C47E}.Release|Any CPU.Build.0 = Release|Any CPU
	EndGlobalSection
	GlobalSection(SolutionProperties) = preSolution
		HideSolutionNode = FALSE
	EndGlobalSection
	GlobalSection(ExtensibilityGlobals) = postSolution
		SolutionGuid = {FAF8825E-201F-40AF-B15F-4E65E892E0E9}
	EndGlobalSection
EndGlobal
